// !$*UTF8*$!
{
	archiveVersion = 1;
	classes = {
	};
	objectVersion = 56;
	objects = {

/* Begin PBXBuildFile section */
		A2601A212C0262BF00562B41 /* DessertExplorerApp.swift in Sources */ = {isa = PBXBuildFile; fileRef = A2601A202C0262BF00562B41 /* DessertExplorerApp.swift */; };
		A2601A232C0262BF00562B41 /* ContentView.swift in Sources */ = {isa = PBXBuildFile; fileRef = A2601A222C0262BF00562B41 /* ContentView.swift */; };
		A2601A252C0262C000562B41 /* Assets.xcassets in Resources */ = {isa = PBXBuildFile; fileRef = A2601A242C0262C000562B41 /* Assets.xcassets */; };
		A2601A282C0262C000562B41 /* Preview Assets.xcassets in Resources */ = {isa = PBXBuildFile; fileRef = A2601A272C0262C000562B41 /* Preview Assets.xcassets */; };
		A2601A322C0262C100562B41 /* DessertExplorerTests.swift in Sources */ = {isa = PBXBuildFile; fileRef = A2601A312C0262C100562B41 /* DessertExplorerTests.swift */; };
		A2601A3C2C0262C100562B41 /* DessertExplorerUITests.swift in Sources */ = {isa = PBXBuildFile; fileRef = A2601A3B2C0262C100562B41 /* DessertExplorerUITests.swift */; };
		A2601A3E2C0262C100562B41 /* DessertExplorerUITestsLaunchTests.swift in Sources */ = {isa = PBXBuildFile; fileRef = A2601A3D2C0262C100562B41 /* DessertExplorerUITestsLaunchTests.swift */; };
		A2601A4E2C02797B00562B41 /* MealServices.swift in Sources */ = {isa = PBXBuildFile; fileRef = A2601A4D2C02797B00562B41 /* MealServices.swift */; };
		A2601A502C02798A00562B41 /* Meal.swift in Sources */ = {isa = PBXBuildFile; fileRef = A2601A4F2C02798A00562B41 /* Meal.swift */; };
		A2601A522C02799D00562B41 /* MealDetail.swift in Sources */ = {isa = PBXBuildFile; fileRef = A2601A512C02799D00562B41 /* MealDetail.swift */; };
/* End PBXBuildFile section */

/* Begin PBXContainerItemProxy section */
		A2601A2E2C0262C100562B41 /* PBXContainerItemProxy */ = {
			isa = PBXContainerItemProxy;
			containerPortal = A2601A152C0262BF00562B41 /* Project object */;
			proxyType = 1;
			remoteGlobalIDString = A2601A1C2C0262BF00562B41;
			remoteInfo = DessertExplorer;
		};
		A2601A382C0262C100562B41 /* PBXContainerItemProxy */ = {
			isa = PBXContainerItemProxy;
			containerPortal = A2601A152C0262BF00562B41 /* Project object */;
			proxyType = 1;
			remoteGlobalIDString = A2601A1C2C0262BF00562B41;
			remoteInfo = DessertExplorer;
		};
/* End PBXContainerItemProxy section */

/* Begin PBXFileReference section */
		A2601A1D2C0262BF00562B41 /* DessertExplorer.app */ = {isa = PBXFileReference; explicitFileType = wrapper.application; includeInIndex = 0; path = DessertExplorer.app; sourceTree = BUILT_PRODUCTS_DIR; };
		A2601A202C0262BF00562B41 /* DessertExplorerApp.swift */ = {isa = PBXFileReference; lastKnownFileType = sourcecode.swift; path = DessertExplorerApp.swift; sourceTree = "<group>"; };
		A2601A222C0262BF00562B41 /* ContentView.swift */ = {isa = PBXFileReference; lastKnownFileType = sourcecode.swift; path = ContentView.swift; sourceTree = "<group>"; };
		A2601A242C0262C000562B41 /* Assets.xcassets */ = {isa = PBXFileReference; lastKnownFileType = folder.assetcatalog; path = Assets.xcassets; sourceTree = "<group>"; };
		A2601A272C0262C000562B41 /* Preview Assets.xcassets */ = {isa = PBXFileReference; lastKnownFileType = folder.assetcatalog; path = "Preview Assets.xcassets"; sourceTree = "<group>"; };
		A2601A2D2C0262C100562B41 /* DessertExplorerTests.xctest */ = {isa = PBXFileReference; explicitFileType = wrapper.cfbundle; includeInIndex = 0; path = DessertExplorerTests.xctest; sourceTree = BUILT_PRODUCTS_DIR; };
		A2601A312C0262C100562B41 /* DessertExplorerTests.swift */ = {isa = PBXFileReference; lastKnownFileType = sourcecode.swift; path = DessertExplorerTests.swift; sourceTree = "<group>"; };
		A2601A372C0262C100562B41 /* DessertExplorerUITests.xctest */ = {isa = PBXFileReference; explicitFileType = wrapper.cfbundle; includeInIndex = 0; path = DessertExplorerUITests.xctest; sourceTree = BUILT_PRODUCTS_DIR; };
		A2601A3B2C0262C100562B41 /* DessertExplorerUITests.swift */ = {isa = PBXFileReference; lastKnownFileType = sourcecode.swift; path = DessertExplorerUITests.swift; sourceTree = "<group>"; };
		A2601A3D2C0262C100562B41 /* DessertExplorerUITestsLaunchTests.swift */ = {isa = PBXFileReference; lastKnownFileType = sourcecode.swift; path = DessertExplorerUITestsLaunchTests.swift; sourceTree = "<group>"; };
		A2601A4D2C02797B00562B41 /* MealServices.swift */ = {isa = PBXFileReference; lastKnownFileType = sourcecode.swift; path = MealServices.swift; sourceTree = "<group>"; };
		A2601A4F2C02798A00562B41 /* Meal.swift */ = {isa = PBXFileReference; lastKnownFileType = sourcecode.swift; path = Meal.swift; sourceTree = "<group>"; };
		A2601A512C02799D00562B41 /* MealDetail.swift */ = {isa = PBXFileReference; lastKnownFileType = sourcecode.swift; path = MealDetail.swift; sourceTree = "<group>"; };
/* End PBXFileReference section */

/* Begin PBXFrameworksBuildPhase section */
		A2601A1A2C0262BF00562B41 /* Frameworks */ = {
			isa = PBXFrameworksBuildPhase;
			buildActionMask = 2147483647;
			files = (
			);
			runOnlyForDeploymentPostprocessing = 0;
		};
		A2601A2A2C0262C100562B41 /* Frameworks */ = {
			isa = PBXFrameworksBuildPhase;
			buildActionMask = 2147483647;
			files = (
			);
			runOnlyForDeploymentPostprocessing = 0;
		};
		A2601A342C0262C100562B41 /* Frameworks */ = {
			isa = PBXFrameworksBuildPhase;
			buildActionMask = 2147483647;
			files = (
			);
			runOnlyForDeploymentPostprocessing = 0;
		};
/* End PBXFrameworksBuildPhase section */

/* Begin PBXGroup section */
		A2601A142C0262BF00562B41 = {
			isa = PBXGroup;
			children = (
				A2601A4C2C02795600562B41 /* Services */,
				A2601A4A2C02792700562B41 /* Models */,
				A2601A1F2C0262BF00562B41 /* DessertExplorer */,
				A2601A302C0262C100562B41 /* DessertExplorerTests */,
				A2601A3A2C0262C100562B41 /* DessertExplorerUITests */,
				A2601A1E2C0262BF00562B41 /* Products */,
			);
			sourceTree = "<group>";
		};
		A2601A1E2C0262BF00562B41 /* Products */ = {
			isa = PBXGroup;
			children = (
				A2601A1D2C0262BF00562B41 /* DessertExplorer.app */,
				A2601A2D2C0262C100562B41 /* DessertExplorerTests.xctest */,
				A2601A372C0262C100562B41 /* DessertExplorerUITests.xctest */,
			);
			name = Products;
			sourceTree = "<group>";
		};
		A2601A1F2C0262BF00562B41 /* DessertExplorer */ = {
			isa = PBXGroup;
			children = (
				A2601A202C0262BF00562B41 /* DessertExplorerApp.swift */,
				A2601A222C0262BF00562B41 /* ContentView.swift */,
				A2601A242C0262C000562B41 /* Assets.xcassets */,
				A2601A262C0262C000562B41 /* Preview Content */,
			);
			path = DessertExplorer;
			sourceTree = "<group>";
		};
		A2601A262C0262C000562B41 /* Preview Content */ = {
			isa = PBXGroup;
			children = (
				A2601A272C0262C000562B41 /* Preview Assets.xcassets */,
			);
			path = "Preview Content";
			sourceTree = "<group>";
		};
		A2601A302C0262C100562B41 /* DessertExplorerTests */ = {
			isa = PBXGroup;
			children = (
				A2601A312C0262C100562B41 /* DessertExplorerTests.swift */,
			);
			path = DessertExplorerTests;
			sourceTree = "<group>";
		};
		A2601A3A2C0262C100562B41 /* DessertExplorerUITests */ = {
			isa = PBXGroup;
			children = (
				A2601A3B2C0262C100562B41 /* DessertExplorerUITests.swift */,
				A2601A3D2C0262C100562B41 /* DessertExplorerUITestsLaunchTests.swift */,
			);
			path = DessertExplorerUITests;
			sourceTree = "<group>";
		};
		A2601A4A2C02792700562B41 /* Models */ = {
			isa = PBXGroup;
			children = (
				A2601A4F2C02798A00562B41 /* Meal.swift */,
				A2601A512C02799D00562B41 /* MealDetail.swift */,
			);
			path = Models;
			sourceTree = "<group>";
		};
		A2601A4C2C02795600562B41 /* Services */ = {
			isa = PBXGroup;
			children = (
				A2601A4D2C02797B00562B41 /* MealServices.swift */,
			);
			path = Services;
			sourceTree = "<group>";
		};
/* End PBXGroup section */

/* Begin PBXNativeTarget section */
		A2601A1C2C0262BF00562B41 /* DessertExplorer */ = {
			isa = PBXNativeTarget;
			buildConfigurationList = A2601A412C0262C100562B41 /* Build configuration list for PBXNativeTarget "DessertExplorer" */;
			buildPhases = (
				A2601A192C0262BF00562B41 /* Sources */,
				A2601A1A2C0262BF00562B41 /* Frameworks */,
				A2601A1B2C0262BF00562B41 /* Resources */,
			);
			buildRules = (
			);
			dependencies = (
			);
			name = DessertExplorer;
			productName = DessertExplorer;
			productReference = A2601A1D2C0262BF00562B41 /* DessertExplorer.app */;
			productType = "com.apple.product-type.application";
		};
		A2601A2C2C0262C100562B41 /* DessertExplorerTests */ = {
			isa = PBXNativeTarget;
			buildConfigurationList = A2601A442C0262C100562B41 /* Build configuration list for PBXNativeTarget "DessertExplorerTests" */;
			buildPhases = (
				A2601A292C0262C100562B41 /* Sources */,
				A2601A2A2C0262C100562B41 /* Frameworks */,
				A2601A2B2C0262C100562B41 /* Resources */,
			);
			buildRules = (
			);
			dependencies = (
				A2601A2F2C0262C100562B41 /* PBXTargetDependency */,
			);
			name = DessertExplorerTests;
			productName = DessertExplorerTests;
			productReference = A2601A2D2C0262C100562B41 /* DessertExplorerTests.xctest */;
			productType = "com.apple.product-type.bundle.unit-test";
		};
		A2601A362C0262C100562B41 /* DessertExplorerUITests */ = {
			isa = PBXNativeTarget;
			buildConfigurationList = A2601A472C0262C100562B41 /* Build configuration list for PBXNativeTarget "DessertExplorerUITests" */;
			buildPhases = (
				A2601A332C0262C100562B41 /* Sources */,
				A2601A342C0262C100562B41 /* Frameworks */,
				A2601A352C0262C100562B41 /* Resources */,
			);
			buildRules = (
			);
			dependencies = (
				A2601A392C0262C100562B41 /* PBXTargetDependency */,
			);
			name = DessertExplorerUITests;
			productName = DessertExplorerUITests;
			productReference = A2601A372C0262C100562B41 /* DessertExplorerUITests.xctest */;
			productType = "com.apple.product-type.bundle.ui-testing";
		};
/* End PBXNativeTarget section */

/* Begin PBXProject section */
		A2601A152C0262BF00562B41 /* Project object */ = {
			isa = PBXProject;
			attributes = {
				BuildIndependentTargetsInParallel = 1;
				LastSwiftUpdateCheck = 1500;
				LastUpgradeCheck = 1500;
				TargetAttributes = {
					A2601A1C2C0262BF00562B41 = {
						CreatedOnToolsVersion = 15.0.1;
					};
					A2601A2C2C0262C100562B41 = {
						CreatedOnToolsVersion = 15.0.1;
						TestTargetID = A2601A1C2C0262BF00562B41;
					};
					A2601A362C0262C100562B41 = {
						CreatedOnToolsVersion = 15.0.1;
						TestTargetID = A2601A1C2C0262BF00562B41;
					};
				};
			};
			buildConfigurationList = A2601A182C0262BF00562B41 /* Build configuration list for PBXProject "DessertExplorer" */;
			compatibilityVersion = "Xcode 14.0";
			developmentRegion = en;
			hasScannedForEncodings = 0;
			knownRegions = (
				en,
				Base,
			);
			mainGroup = A2601A142C0262BF00562B41;
			productRefGroup = A2601A1E2C0262BF00562B41 /* Products */;
			projectDirPath = "";
			projectRoot = "";
			targets = (
				A2601A1C2C0262BF00562B41 /* DessertExplorer */,
				A2601A2C2C0262C100562B41 /* DessertExplorerTests */,
				A2601A362C0262C100562B41 /* DessertExplorerUITests */,
			);
		};
/* End PBXProject section */

/* Begin PBXResourcesBuildPhase section */
		A2601A1B2C0262BF00562B41 /* Resources */ = {
			isa = PBXResourcesBuildPhase;
			buildActionMask = 2147483647;
			files = (
				A2601A282C0262C000562B41 /* Preview Assets.xcassets in Resources */,
				A2601A252C0262C000562B41 /* Assets.xcassets in Resources */,
			);
			runOnlyForDeploymentPostprocessing = 0;
		};
		A2601A2B2C0262C100562B41 /* Resources */ = {
			isa = PBXResourcesBuildPhase;
			buildActionMask = 2147483647;
			files = (
			);
			runOnlyForDeploymentPostprocessing = 0;
		};
		A2601A352C0262C100562B41 /* Resources */ = {
			isa = PBXResourcesBuildPhase;
			buildActionMask = 2147483647;
			files = (
			);
			runOnlyForDeploymentPostprocessing = 0;
		};
/* End PBXResourcesBuildPhase section */

/* Begin PBXSourcesBuildPhase section */
		A2601A192C0262BF00562B41 /* Sources */ = {
			isa = PBXSourcesBuildPhase;
			buildActionMask = 2147483647;
			files = (
				A2601A502C02798A00562B41 /* Meal.swift in Sources */,
				A2601A232C0262BF00562B41 /* ContentView.swift in Sources */,
				A2601A522C02799D00562B41 /* MealDetail.swift in Sources */,
				A2601A212C0262BF00562B41 /* DessertExplorerApp.swift in Sources */,
				A2601A4E2C02797B00562B41 /* MealServices.swift in Sources */,
			);
			runOnlyForDeploymentPostprocessing = 0;
		};
		A2601A292C0262C100562B41 /* Sources */ = {
			isa = PBXSourcesBuildPhase;
			buildActionMask = 2147483647;
			files = (
				A2601A322C0262C100562B41 /* DessertExplorerTests.swift in Sources */,
			);
			runOnlyForDeploymentPostprocessing = 0;
		};
		A2601A332C0262C100562B41 /* Sources */ = {
			isa = PBXSourcesBuildPhase;
			buildActionMask = 2147483647;
			files = (
				A2601A3E2C0262C100562B41 /* DessertExplorerUITestsLaunchTests.swift in Sources */,
				A2601A3C2C0262C100562B41 /* DessertExplorerUITests.swift in Sources */,
			);
			runOnlyForDeploymentPostprocessing = 0;
		};
/* End PBXSourcesBuildPhase section */

/* Begin PBXTargetDependency section */
		A2601A2F2C0262C100562B41 /* PBXTargetDependency */ = {
			isa = PBXTargetDependency;
			target = A2601A1C2C0262BF00562B41 /* DessertExplorer */;
			targetProxy = A2601A2E2C0262C100562B41 /* PBXContainerItemProxy */;
		};
		A2601A392C0262C100562B41 /* PBXTargetDependency */ = {
			isa = PBXTargetDependency;
			target = A2601A1C2C0262BF00562B41 /* DessertExplorer */;
			targetProxy = A2601A382C0262C100562B41 /* PBXContainerItemProxy */;
		};
/* End PBXTargetDependency section */

/* Begin XCBuildConfiguration section */
		A2601A3F2C0262C100562B41 /* Debug */ = {
			isa = XCBuildConfiguration;
			buildSettings = {
				ALWAYS_SEARCH_USER_PATHS = NO;
				ASSETCATALOG_COMPILER_GENERATE_SWIFT_ASSET_SYMBOL_EXTENSIONS = YES;
				CLANG_ANALYZER_NONNULL = YES;
				CLANG_ANALYZER_NUMBER_OBJECT_CONVERSION = YES_AGGRESSIVE;
				CLANG_CXX_LANGUAGE_STANDARD = "gnu++20";
				CLANG_ENABLE_MODULES = YES;
				CLANG_ENABLE_OBJC_ARC = YES;
				CLANG_ENABLE_OBJC_WEAK = YES;
				CLANG_WARN_BLOCK_CAPTURE_AUTORELEASING = YES;
				CLANG_WARN_BOOL_CONVERSION = YES;
				CLANG_WARN_COMMA = YES;
				CLANG_WARN_CONSTANT_CONVERSION = YES;
				CLANG_WARN_DEPRECATED_OBJC_IMPLEMENTATIONS = YES;
				CLANG_WARN_DIRECT_OBJC_ISA_USAGE = YES_ERROR;
				CLANG_WARN_DOCUMENTATION_COMMENTS = YES;
				CLANG_WARN_EMPTY_BODY = YES;
				CLANG_WARN_ENUM_CONVERSION = YES;
				CLANG_WARN_INFINITE_RECURSION = YES;
				CLANG_WARN_INT_CONVERSION = YES;
				CLANG_WARN_NON_LITERAL_NULL_CONVERSION = YES;
				CLANG_WARN_OBJC_IMPLICIT_RETAIN_SELF = YES;
				CLANG_WARN_OBJC_LITERAL_CONVERSION = YES;
				CLANG_WARN_OBJC_ROOT_CLASS = YES_ERROR;
				CLANG_WARN_QUOTED_INCLUDE_IN_FRAMEWORK_HEADER = YES;
				CLANG_WARN_RANGE_LOOP_ANALYSIS = YES;
				CLANG_WARN_STRICT_PROTOTYPES = YES;
				CLANG_WARN_SUSPICIOUS_MOVE = YES;
				CLANG_WARN_UNGUARDED_AVAILABILITY = YES_AGGRESSIVE;
				CLANG_WARN_UNREACHABLE_CODE = YES;
				CLANG_WARN__DUPLICATE_METHOD_MATCH = YES;
				COPY_PHASE_STRIP = NO;
				DEBUG_INFORMATION_FORMAT = dwarf;
				ENABLE_STRICT_OBJC_MSGSEND = YES;
				ENABLE_TESTABILITY = YES;
				ENABLE_USER_SCRIPT_SANDBOXING = YES;
				GCC_C_LANGUAGE_STANDARD = gnu17;
				GCC_DYNAMIC_NO_PIC = NO;
				GCC_NO_COMMON_BLOCKS = YES;
				GCC_OPTIMIZATION_LEVEL = 0;
				GCC_PREPROCESSOR_DEFINITIONS = (
					"DEBUG=1",
					"$(inherited)",
				);
				GCC_WARN_64_TO_32_BIT_CONVERSION = YES;
				GCC_WARN_ABOUT_RETURN_TYPE = YES_ERROR;
				GCC_WARN_UNDECLARED_SELECTOR = YES;
				GCC_WARN_UNINITIALIZED_AUTOS = YES_AGGRESSIVE;
				GCC_WARN_UNUSED_FUNCTION = YES;
				GCC_WARN_UNUSED_VARIABLE = YES;
				IPHONEOS_DEPLOYMENT_TARGET = 17.0;
				LOCALIZATION_PREFERS_STRING_CATALOGS = YES;
				MTL_ENABLE_DEBUG_INFO = INCLUDE_SOURCE;
				MTL_FAST_MATH = YES;
				ONLY_ACTIVE_ARCH = YES;
				SDKROOT = iphoneos;
				SWIFT_ACTIVE_COMPILATION_CONDITIONS = "DEBUG $(inherited)";
				SWIFT_OPTIMIZATION_LEVEL = "-Onone";
			};
			name = Debug;
		};
		A2601A402C0262C100562B41 /* Release */ = {
			isa = XCBuildConfiguration;
			buildSettings = {
				ALWAYS_SEARCH_USER_PATHS = NO;
				ASSETCATALOG_COMPILER_GENERATE_SWIFT_ASSET_SYMBOL_EXTENSIONS = YES;
				CLANG_ANALYZER_NONNULL = YES;
				CLANG_ANALYZER_NUMBER_OBJECT_CONVERSION = YES_AGGRESSIVE;
				CLANG_CXX_LANGUAGE_STANDARD = "gnu++20";
				CLANG_ENABLE_MODULES = YES;
				CLANG_ENABLE_OBJC_ARC = YES;
				CLANG_ENABLE_OBJC_WEAK = YES;
				CLANG_WARN_BLOCK_CAPTURE_AUTORELEASING = YES;
				CLANG_WARN_BOOL_CONVERSION = YES;
				CLANG_WARN_COMMA = YES;
				CLANG_WARN_CONSTANT_CONVERSION = YES;
				CLANG_WARN_DEPRECATED_OBJC_IMPLEMENTATIONS = YES;
				CLANG_WARN_DIRECT_OBJC_ISA_USAGE = YES_ERROR;
				CLANG_WARN_DOCUMENTATION_COMMENTS = YES;
				CLANG_WARN_EMPTY_BODY = YES;
				CLANG_WARN_ENUM_CONVERSION = YES;
				CLANG_WARN_INFINITE_RECURSION = YES;
				CLANG_WARN_INT_CONVERSION = YES;
				CLANG_WARN_NON_LITERAL_NULL_CONVERSION = YES;
				CLANG_WARN_OBJC_IMPLICIT_RETAIN_SELF = YES;
				CLANG_WARN_OBJC_LITERAL_CONVERSION = YES;
				CLANG_WARN_OBJC_ROOT_CLASS = YES_ERROR;
				CLANG_WARN_QUOTED_INCLUDE_IN_FRAMEWORK_HEADER = YES;
				CLANG_WARN_RANGE_LOOP_ANALYSIS = YES;
				CLANG_WARN_STRICT_PROTOTYPES = YES;
				CLANG_WARN_SUSPICIOUS_MOVE = YES;
				CLANG_WARN_UNGUARDED_AVAILABILITY = YES_AGGRESSIVE;
				CLANG_WARN_UNREACHABLE_CODE = YES;
				CLANG_WARN__DUPLICATE_METHOD_MATCH = YES;
				COPY_PHASE_STRIP = NO;
				DEBUG_INFORMATION_FORMAT = "dwarf-with-dsym";
				ENABLE_NS_ASSERTIONS = NO;
				ENABLE_STRICT_OBJC_MSGSEND = YES;
				ENABLE_USER_SCRIPT_SANDBOXING = YES;
				GCC_C_LANGUAGE_STANDARD = gnu17;
				GCC_NO_COMMON_BLOCKS = YES;
				GCC_WARN_64_TO_32_BIT_CONVERSION = YES;
				GCC_WARN_ABOUT_RETURN_TYPE = YES_ERROR;
				GCC_WARN_UNDECLARED_SELECTOR = YES;
				GCC_WARN_UNINITIALIZED_AUTOS = YES_AGGRESSIVE;
				GCC_WARN_UNUSED_FUNCTION = YES;
				GCC_WARN_UNUSED_VARIABLE = YES;
				IPHONEOS_DEPLOYMENT_TARGET = 17.0;
				LOCALIZATION_PREFERS_STRING_CATALOGS = YES;
				MTL_ENABLE_DEBUG_INFO = NO;
				MTL_FAST_MATH = YES;
				SDKROOT = iphoneos;
				SWIFT_COMPILATION_MODE = wholemodule;
				VALIDATE_PRODUCT = YES;
			};
			name = Release;
		};
		A2601A422C0262C100562B41 /* Debug */ = {
			isa = XCBuildConfiguration;
			buildSettings = {
				ASSETCATALOG_COMPILER_APPICON_NAME = AppIcon;
				ASSETCATALOG_COMPILER_GLOBAL_ACCENT_COLOR_NAME = AccentColor;
				CODE_SIGN_STYLE = Automatic;
				CURRENT_PROJECT_VERSION = 1;
				DEVELOPMENT_ASSET_PATHS = "\"DessertExplorer/Preview Content\"";
				DEVELOPMENT_TEAM = 4W6G727P37;
				ENABLE_PREVIEWS = YES;
				GENERATE_INFOPLIST_FILE = YES;
				INFOPLIST_KEY_UIApplicationSceneManifest_Generation = YES;
				INFOPLIST_KEY_UIApplicationSupportsIndirectInputEvents = YES;
				INFOPLIST_KEY_UILaunchScreen_Generation = YES;
				INFOPLIST_KEY_UISupportedInterfaceOrientations_iPad = "UIInterfaceOrientationPortrait UIInterfaceOrientationPortraitUpsideDown UIInterfaceOrientationLandscapeLeft UIInterfaceOrientationLandscapeRight";
				INFOPLIST_KEY_UISupportedInterfaceOrientations_iPhone = "UIInterfaceOrientationPortrait UIInterfaceOrientationLandscapeLeft UIInterfaceOrientationLandscapeRight";
				LD_RUNPATH_SEARCH_PATHS = (
					"$(inherited)",
					"@executable_path/Frameworks",
				);
				MARKETING_VERSION = 1.0;
				PRODUCT_BUNDLE_IDENTIFIER = fireberry.DessertExplorer;
				PRODUCT_NAME = "$(TARGET_NAME)";
				SWIFT_EMIT_LOC_STRINGS = YES;
				SWIFT_VERSION = 5.0;
				TARGETED_DEVICE_FAMILY = "1,2";
			};
			name = Debug;
		};
		A2601A432C0262C100562B41 /* Release */ = {
			isa = XCBuildConfiguration;
			buildSettings = {
				ASSETCATALOG_COMPILER_APPICON_NAME = AppIcon;
				ASSETCATALOG_COMPILER_GLOBAL_ACCENT_COLOR_NAME = AccentColor;
				CODE_SIGN_STYLE = Automatic;
				CURRENT_PROJECT_VERSION = 1;
				DEVELOPMENT_ASSET_PATHS = "\"DessertExplorer/Preview Content\"";
				DEVELOPMENT_TEAM = 4W6G727P37;
				ENABLE_PREVIEWS = YES;
				GENERATE_INFOPLIST_FILE = YES;
				INFOPLIST_KEY_UIApplicationSceneManifest_Generation = YES;
				INFOPLIST_KEY_UIApplicationSupportsIndirectInputEvents = YES;
				INFOPLIST_KEY_UILaunchScreen_Generation = YES;
				INFOPLIST_KEY_UISupportedInterfaceOrientations_iPad = "UIInterfaceOrientationPortrait UIInterfaceOrientationPortraitUpsideDown UIInterfaceOrientationLandscapeLeft UIInterfaceOrientationLandscapeRight";
				INFOPLIST_KEY_UISupportedInterfaceOrientations_iPhone = "UIInterfaceOrientationPortrait UIInterfaceOrientationLandscapeLeft UIInterfaceOrientationLandscapeRight";
				LD_RUNPATH_SEARCH_PATHS = (
					"$(inherited)",
					"@executable_path/Frameworks",
				);
				MARKETING_VERSION = 1.0;
				PRODUCT_BUNDLE_IDENTIFIER = fireberry.DessertExplorer;
				PRODUCT_NAME = "$(TARGET_NAME)";
				SWIFT_EMIT_LOC_STRINGS = YES;
				SWIFT_VERSION = 5.0;
				TARGETED_DEVICE_FAMILY = "1,2";
			};
			name = Release;
		};
		A2601A452C0262C100562B41 /* Debug */ = {
			isa = XCBuildConfiguration;
			buildSettings = {
				ALWAYS_EMBED_SWIFT_STANDARD_LIBRARIES = YES;
				BUNDLE_LOADER = "$(TEST_HOST)";
				CODE_SIGN_STYLE = Automatic;
				CURRENT_PROJECT_VERSION = 1;
				DEVELOPMENT_TEAM = 4W6G727P37;
				GENERATE_INFOPLIST_FILE = YES;
				IPHONEOS_DEPLOYMENT_TARGET = 17.0;
				MARKETING_VERSION = 1.0;
				PRODUCT_BUNDLE_IDENTIFIER = fireberry.DessertExplorerTests;
				PRODUCT_NAME = "$(TARGET_NAME)";
				SWIFT_EMIT_LOC_STRINGS = NO;
				SWIFT_VERSION = 5.0;
				TARGETED_DEVICE_FAMILY = "1,2";
				TEST_HOST = "$(BUILT_PRODUCTS_DIR)/DessertExplorer.app/$(BUNDLE_EXECUTABLE_FOLDER_PATH)/DessertExplorer";
			};
			name = Debug;
		};
		A2601A462C0262C100562B41 /* Release */ = {
			isa = XCBuildConfiguration;
			buildSettings = {
				ALWAYS_EMBED_SWIFT_STANDARD_LIBRARIES = YES;
				BUNDLE_LOADER = "$(TEST_HOST)";
				CODE_SIGN_STYLE = Automatic;
				CURRENT_PROJECT_VERSION = 1;
				DEVELOPMENT_TEAM = 4W6G727P37;
				GENERATE_INFOPLIST_FILE = YES;
				IPHONEOS_DEPLOYMENT_TARGET = 17.0;
				MARKETING_VERSION = 1.0;
				PRODUCT_BUNDLE_IDENTIFIER = fireberry.DessertExplorerTests;
				PRODUCT_NAME = "$(TARGET_NAME)";
				SWIFT_EMIT_LOC_STRINGS = NO;
				SWIFT_VERSION = 5.0;
				TARGETED_DEVICE_FAMILY = "1,2";
				TEST_HOST = "$(BUILT_PRODUCTS_DIR)/DessertExplorer.app/$(BUNDLE_EXECUTABLE_FOLDER_PATH)/DessertExplorer";
			};
			name = Release;
		};
		A2601A482C0262C100562B41 /* Debug */ = {
			isa = XCBuildConfiguration;
			buildSettings = {
				ALWAYS_EMBED_SWIFT_STANDARD_LIBRARIES = YES;
				CODE_SIGN_STYLE = Automatic;
				CURRENT_PROJECT_VERSION = 1;
				DEVELOPMENT_TEAM = 4W6G727P37;
				GENERATE_INFOPLIST_FILE = YES;
				MARKETING_VERSION = 1.0;
				PRODUCT_BUNDLE_IDENTIFIER = fireberry.DessertExplorerUITests;
				PRODUCT_NAME = "$(TARGET_NAME)";
				SWIFT_EMIT_LOC_STRINGS = NO;
				SWIFT_VERSION = 5.0;
				TARGETED_DEVICE_FAMILY = "1,2";
				TEST_TARGET_NAME = DessertExplorer;
			};
			name = Debug;
		};
		A2601A492C0262C100562B41 /* Release */ = {
			isa = XCBuildConfiguration;
			buildSettings = {
				ALWAYS_EMBED_SWIFT_STANDARD_LIBRARIES = YES;
				CODE_SIGN_STYLE = Automatic;
				CURRENT_PROJECT_VERSION = 1;
				DEVELOPMENT_TEAM = 4W6G727P37;
				GENERATE_INFOPLIST_FILE = YES;
				MARKETING_VERSION = 1.0;
				PRODUCT_BUNDLE_IDENTIFIER = fireberry.DessertExplorerUITests;
				PRODUCT_NAME = "$(TARGET_NAME)";
				SWIFT_EMIT_LOC_STRINGS = NO;
				SWIFT_VERSION = 5.0;
				TARGETED_DEVICE_FAMILY = "1,2";
				TEST_TARGET_NAME = DessertExplorer;
			};
			name = Release;
		};
/* End XCBuildConfiguration section */

/* Begin XCConfigurationList section */
		A2601A182C0262BF00562B41 /* Build configuration list for PBXProject "DessertExplorer" */ = {
			isa = XCConfigurationList;
			buildConfigurations = (
				A2601A3F2C0262C100562B41 /* Debug */,
				A2601A402C0262C100562B41 /* Release */,
			);
			defaultConfigurationIsVisible = 0;
			defaultConfigurationName = Release;
		};
		A2601A412C0262C100562B41 /* Build configuration list for PBXNativeTarget "DessertExplorer" */ = {
			isa = XCConfigurationList;
			buildConfigurations = (
				A2601A422C0262C100562B41 /* Debug */,
				A2601A432C0262C100562B41 /* Release */,
			);
			defaultConfigurationIsVisible = 0;
			defaultConfigurationName = Release;
		};
		A2601A442C0262C100562B41 /* Build configuration list for PBXNativeTarget "DessertExplorerTests" */ = {
			isa = XCConfigurationList;
			buildConfigurations = (
				A2601A452C0262C100562B41 /* Debug */,
				A2601A462C0262C100562B41 /* Release */,
			);
			defaultConfigurationIsVisible = 0;
			defaultConfigurationName = Release;
		};
		A2601A472C0262C100562B41 /* Build configuration list for PBXNativeTarget "DessertExplorerUITests" */ = {
			isa = XCConfigurationList;
			buildConfigurations = (
				A2601A482C0262C100562B41 /* Debug */,
				A2601A492C0262C100562B41 /* Release */,
			);
			defaultConfigurationIsVisible = 0;
			defaultConfigurationName = Release;
		};
/* End XCConfigurationList section */
	};
	rootObject = A2601A152C0262BF00562B41 /* Project object */;
}
